{
  "name": "api",
  "lockfileVersion": 3,
  "requires": true,
  "packages": {
    "": {
      "dependencies": {
        "httpx": "^3.0.1",
        "pytest": "^1.0.0",
        "ruff": "^1.5.4"
      }
    },
    "node_modules/debug": {
      "version": "4.4.3",
      "resolved": "https://registry.npmjs.org/debug/-/debug-4.4.3.tgz",
      "integrity": "sha512-RGwwWnwQvkVfavKVt22FGLw+xYSdzARwm0ru6DhTVA3umU5hZc28V3kO4stgYryrTlLpuvgI9GiijltAjNbcqA==",
      "license": "MIT",
      "dependencies": {
        "ms": "^2.1.3"
      },
      "engines": {
        "node": ">=6.0"
      },
      "peerDependenciesMeta": {
        "supports-color": {
          "optional": true
        }
      }
    },
    "node_modules/emitify": {
      "version": "3.1.0",
      "resolved": "https://registry.npmjs.org/emitify/-/emitify-3.1.0.tgz",
      "integrity": "sha512-pucUCyaeC8TJoRXniRiNb81Odoqlf2lMaFARA8tci2PaORFIeXBoIQHEzuA3dxPsU1l7AVb7xmFra4iJwVU8wg==",
      "license": "MIT"
    },
    "node_modules/httpx": {
      "version": "3.0.1",
      "resolved": "https://registry.npmjs.org/httpx/-/httpx-3.0.1.tgz",
      "integrity": "sha512-ILTmufYaGAH2Def/wQ++6mz41xDghoRFd3b49uSkVMIRUKm2nHTvPPaVGtNN5hoTu9E3bJ8Jg+8TRkx+PiN6sg==",
      "license": "MIT",
      "dependencies": {
        "debug": "^4.1.1"
      },
      "engines": {
        "node": ">= 12"
      }
    },
    "node_modules/ms": {
      "version": "2.1.3",
      "resolved": "https://registry.npmjs.org/ms/-/ms-2.1.3.tgz",
      "integrity": "sha512-6FlzubTLZG3J2a/NVCAleEhjzq5oxgHyaCU9yYXvcLsvoVaHJq/s5xXI6/XXP6tz7R9xAOtHnSO/tXtF3WRTlA==",
      "license": "MIT"
    },
    "node_modules/pytest": {
      "version": "1.0.0",
      "resolved": "https://registry.npmjs.org/pytest/-/pytest-1.0.0.tgz",
      "integrity": "sha512-nh2Z5MFd6WyMqUYvLoTrbGpkcI1Gb2GQ2HmdaGZ0h4lCc8FENRhSr5lcHKSK9KIQ9gfrUT5zJaxRbaA/1XjLlA==",
      "license": "ISC",
      "bin": {
        "start11": "test.js"
      }
    },
    "node_modules/ruff": {
      "version": "1.5.4",
      "resolved": "https://registry.npmjs.org/ruff/-/ruff-1.5.4.tgz",
      "integrity": "sha512-42kBjp78DFDAgZw8ywPpB3bo0oZrSifukCRMB49dnFeGPbg1s4jdtXZug06mkxue1JrD3dP/ng2mxPYg7gx3Jw==",
      "license": "MIT",
      "dependencies": {
        "emitify": "^3.0.1"
      }
    }
  }
}
